
Microsoft Visual Studio Solution File, Format Version 12.00
# Visual Studio Version 17
VisualStudioVersion = 17.6.33815.320
MinimumVisualStudioVersion = 10.0.40219.1
Project("{9A19103F-16F7-4668-BE54-9A1E7A4F7556}") = "cSharp", "cSharp\cSharp.csproj", "{B9175DC6-46A4-4C83-85FE-27FA6500BDEE}"
EndProject
Project("{9A19103F-16F7-4668-BE54-9A1E7A4F7556}") = "Exercice01", "Exercice01\Exercice01.csproj", "{8B5EFF94-9688-4D02-B846-759289C1A794}"
EndProject
Project("{9A19103F-16F7-4668-BE54-9A1E7A4F7556}") = "Exercice02", "Exercice02\Exercice02.csproj", "{CE66070E-F5AA-4F5A-85C1-1F229496AE5F}"
EndProject
Project("{FAE04EC0-301F-11D3-BF4B-00C04F79EFBC}") = "Exercice03", "Exercice03\Exercice03.csproj", "{ECCA23B1-8F4D-4831-85BF-588B665640C7}"
EndProject
Project("{FAE04EC0-301F-11D3-BF4B-00C04F79EFBC}") = "Exercice04", "Exercice04\Exercice04.csproj", "{67225AF7-24CA-469E-B228-85F381AD978A}"
EndProject
Project("{FAE04EC0-301F-11D3-BF4B-00C04F79EFBC}") = "Exercice05", "Exercice05\Exercice05.csproj", "{7096C787-9DC6-4B24-947B-7B08C7930DA1}"
EndProject
Project("{FAE04EC0-301F-11D3-BF4B-00C04F79EFBC}") = "Exercice06", "Exercice06\Exercice06.csproj", "{537CA44E-DC5F-49C3-9FAC-8E476F949C55}"
EndProject
Project("{FAE04EC0-301F-11D3-BF4B-00C04F79EFBC}") = "Exercice07", "Exercice07\Exercice07.csproj", "{15F4E35E-79B5-4FF8-A943-7A77C0A2D279}"
EndProject
Project("{FAE04EC0-301F-11D3-BF4B-00C04F79EFBC}") = "Exercice08", "Exercice08\Exercice08.csproj", "{8EF80C56-0CA9-4F33-A98F-EDE561249564}"
EndProject
Project("{FAE04EC0-301F-11D3-BF4B-00C04F79EFBC}") = "Exercice09", "Exercice09\Exercice09.csproj", "{1FF0FF1D-E5E7-44FE-8905-8F997B2363BF}"
EndProject
Global
	GlobalSection(SolutionConfigurationPlatforms) = preSolution
		Debug|Any CPU = Debug|Any CPU
		Release|Any CPU = Release|Any CPU
	EndGlobalSection
	GlobalSection(ProjectConfigurationPlatforms) = postSolution
		{B9175DC6-46A4-4C83-85FE-27FA6500BDEE}.Debug|Any CPU.ActiveCfg = Debug|Any CPU
		{B9175DC6-46A4-4C83-85FE-27FA6500BDEE}.Debug|Any CPU.Build.0 = Debug|Any CPU
		{B9175DC6-46A4-4C83-85FE-27FA6500BDEE}.Release|Any CPU.ActiveCfg = Release|Any CPU
		{B9175DC6-46A4-4C83-85FE-27FA6500BDEE}.Release|Any CPU.Build.0 = Release|Any CPU
		{8B5EFF94-9688-4D02-B846-759289C1A794}.Debug|Any CPU.ActiveCfg = Debug|Any CPU
		{8B5EFF94-9688-4D02-B846-759289C1A794}.Debug|Any CPU.Build.0 = Debug|Any CPU
		{8B5EFF94-9688-4D02-B846-759289C1A794}.Release|Any CPU.ActiveCfg = Release|Any CPU
		{8B5EFF94-9688-4D02-B846-759289C1A794}.Release|Any CPU.Build.0 = Release|Any CPU
		{CE66070E-F5AA-4F5A-85C1-1F229496AE5F}.Debug|Any CPU.ActiveCfg = Debug|Any CPU
		{CE66070E-F5AA-4F5A-85C1-1F229496AE5F}.Debug|Any CPU.Build.0 = Debug|Any CPU
		{CE66070E-F5AA-4F5A-85C1-1F229496AE5F}.Release|Any CPU.ActiveCfg = Release|Any CPU
		{CE66070E-F5AA-4F5A-85C1-1F229496AE5F}.Release|Any CPU.Build.0 = Release|Any CPU
		{ECCA23B1-8F4D-4831-85BF-588B665640C7}.Debug|Any CPU.ActiveCfg = Debug|Any CPU
		{ECCA23B1-8F4D-4831-85BF-588B665640C7}.Debug|Any CPU.Build.0 = Debug|Any CPU
		{ECCA23B1-8F4D-4831-85BF-588B665640C7}.Release|Any CPU.ActiveCfg = Release|Any CPU
		{ECCA23B1-8F4D-4831-85BF-588B665640C7}.Release|Any CPU.Build.0 = Release|Any CPU
		{67225AF7-24CA-469E-B228-85F381AD978A}.Debug|Any CPU.ActiveCfg = Debug|Any CPU
		{67225AF7-24CA-469E-B228-85F381AD978A}.Debug|Any CPU.Build.0 = Debug|Any CPU
		{67225AF7-24CA-469E-B228-85F381AD978A}.Release|Any CPU.ActiveCfg = Release|Any CPU
		{67225AF7-24CA-469E-B228-85F381AD978A}.Release|Any CPU.Build.0 = Release|Any CPU
		{7096C787-9DC6-4B24-947B-7B08C7930DA1}.Debug|Any CPU.ActiveCfg = Debug|Any CPU
		{7096C787-9DC6-4B24-947B-7B08C7930DA1}.Debug|Any CPU.Build.0 = Debug|Any CPU
		{7096C787-9DC6-4B24-947B-7B08C7930DA1}.Release|Any CPU.ActiveCfg = Release|Any CPU
		{7096C787-9DC6-4B24-947B-7B08C7930DA1}.Release|Any CPU.Build.0 = Release|Any CPU
		{537CA44E-DC5F-49C3-9FAC-8E476F949C55}.Debug|Any CPU.ActiveCfg = Debug|Any CPU
		{537CA44E-DC5F-49C3-9FAC-8E476F949C55}.Debug|Any CPU.Build.0 = Debug|Any CPU
		{537CA44E-DC5F-49C3-9FAC-8E476F949C55}.Release|Any CPU.ActiveCfg = Release|Any CPU
		{537CA44E-DC5F-49C3-9FAC-8E476F949C55}.Release|Any CPU.Build.0 = Release|Any CPU
		{15F4E35E-79B5-4FF8-A943-7A77C0A2D279}.Debug|Any CPU.ActiveCfg = Debug|Any CPU
		{15F4E35E-79B5-4FF8-A943-7A77C0A2D279}.Debug|Any CPU.Build.0 = Debug|Any CPU
		{15F4E35E-79B5-4FF8-A943-7A77C0A2D279}.Release|Any CPU.ActiveCfg = Release|Any CPU
		{15F4E35E-79B5-4FF8-A943-7A77C0A2D279}.Release|Any CPU.Build.0 = Release|Any CPU
		{8EF80C56-0CA9-4F33-A98F-EDE561249564}.Debug|Any CPU.ActiveCfg = Debug|Any CPU
		{8EF80C56-0CA9-4F33-A98F-EDE561249564}.Debug|Any CPU.Build.0 = Debug|Any CPU
		{8EF80C56-0CA9-4F33-A98F-EDE561249564}.Release|Any CPU.ActiveCfg = Release|Any CPU
		{8EF80C56-0CA9-4F33-A98F-EDE561249564}.Release|Any CPU.Build.0 = Release|Any CPU
		{1FF0FF1D-E5E7-44FE-8905-8F997B2363BF}.Debug|Any CPU.ActiveCfg = Debug|Any CPU
		{1FF0FF1D-E5E7-44FE-8905-8F997B2363BF}.Debug|Any CPU.Build.0 = Debug|Any CPU
		{1FF0FF1D-E5E7-44FE-8905-8F997B2363BF}.Release|Any CPU.ActiveCfg = Release|Any CPU
		{1FF0FF1D-E5E7-44FE-8905-8F997B2363BF}.Release|Any CPU.Build.0 = Release|Any CPU
	EndGlobalSection
	GlobalSection(SolutionProperties) = preSolution
		HideSolutionNode = FALSE
	EndGlobalSection
	GlobalSection(ExtensibilityGlobals) = postSolution
		SolutionGuid = {F7504237-1D46-4CBE-9B7B-F8EFBF06BF0B}
	EndGlobalSection
EndGlobal
